{
  "version": 4,
  "terraform_version": "1.8.0",
  "serial": 10,
  "lineage": "e04d6d64-7048-c599-8b71-1fad4ef65f85",
  "outputs": {},
  "resources": [
    {
      "mode": "managed",
      "type": "azurerm_linux_virtual_machine",
      "name": "example",
      "provider": "provider[\"registry.terraform.io/hashicorp/azurerm\"]",
      "instances": [
        {
          "schema_version": 0,
          "attributes": {
            "additional_capabilities": [],
            "admin_password": null,
            "admin_ssh_key": [
              {
                "public_key": "ssh-rsa AAAAB3NzaC1yc2EAAAADAQABAAACAQC/fzluQ8ge1Wvk/kdKqNa6ayl0zzZ9L1rKsX0wjN1kbVYrW+8YAYa5dOIzWCt7VApdfjVSYoBuodd7p4v3wTxrqPA3ohTsj3sulG3PBFD5mgLs13+b8DvRnWTkdTMRbv8YPzFJOwsJjIxskes1YwEs+qcBZbwg+LSPHMZHizEAmCMpRq+W9hkYNlqyp/ITL+EsNdzWpy0enjH9kUFXemO+lkxh7lbOQL5Oo3YA+lMUQWX478dsXi7jRnyc1Sfz93kWTA9g9WfxqW17XzW5uB8R/tNDzKryoaJDmvIsKGCjLJGJC3oK4JE6nWUMQ7q38qygWpSH8o3Vryyc4osx1+X+C/A45AHdqsI6JIk78gS69HBRBELLgc7dAnbROvsdoqMCrLZIyKUyl48ewQhrLAKR6Sa9gIgefnwFtKjOcyYaXDFL1/2smZ8xU7iFkV/I2PdQyfyw4s1LoIyY/TJlVwm6PzODhnF/qauZX7vcaZ2o3FHNtxmV9AAx076QA08SEcuwwnf8Vapygg80bU280CS9ag7JndBFDOUq36gaZpQLGz6782fY+VsEfmBw52GwW4GqIuXxPa9IIANyNT+Fif1+OBJSU0VHMJcnFk65kCgbnyWDLTZn2JXgQT1GKY51FYi7W7+0HltjJt9bx4YTl1vfp5tstcqzUvxn96iwu1KGkQ== azureuser@myserver\r\n",
                "username": "adminuser"
              }
            ],
            "admin_username": "adminuser",
            "allow_extension_operations": true,
            "availability_set_id": "",
            "boot_diagnostics": [],
            "computer_name": "mylinuxvm-machine",
            "custom_data": "DQojY2xvdWQtY29uZmlnDQpwYWNrYWdlX3VwZ3JhZGU6IGZhbHNlDQpwYWNrYWdlczoNCiAgLSBodHRwZA0Kd3JpdGVfZmlsZXM6DQogIC0gb3duZXI6IHJvb3Q6cm9vdA0KICAgIHBhdGg6IC92YXIvd3d3L2h0bWwvaW5kZXguaHRtbA0KICAgIGNvbnRlbnQ6IHwNCiAgICAgIDxoMT5XZWxjb21lIHRvIFNpbXBsaWZ5IC0gQVBQLTE8L2gxPg0KICAtIG93bmVyOiByb290OnJvb3QNCiAgICBwYXRoOiAvdmFyL3d3dy9odG1sL2FwcDEvaW5kZXguaHRtbA0KICAgIGNvbnRlbnQ6IHwNCiAgICAgIDwhRE9DVFlQRSBodG1sPiA8aHRtbD4gPGJvZHkgc3R5bGU9ImJhY2tncm91bmQtY29sb3I6cmdiKDI1MCwgMjEwLCAyMTApOyI+IDxoMT5XZWxjb21lIHRvIFNpbXBsaWZ5IC0gQVBQLTE8L2gxPiA8cD5UZXJyYWZvcm0gRGVtbzwvcD4gPHA+QXBwbGljYXRpb24gVmVyc2lvbjogVjE8L3A+IDwvYm9keT48L2h0bWw+ICAgICAgDQpydW5jbWQ6DQogIC0gc3VkbyBzeXN0ZW1jdGwgc3RhcnQgaHR0cGQgIA0KICAtIHN1ZG8gc3lzdGVtY3RsIGVuYWJsZSBodHRwZA0KICAtIHN1ZG8gc3lzdGVtY3RsIHN0b3AgZmlyZXdhbGxkDQogIC0gc3VkbyBta2RpciAvdmFyL3d3dy9odG1sL2FwcDENCiAgLSBbc3VkbywgY3VybCwgLUgsICJNZXRhZGF0YTp0cnVlIiwgLS1ub3Byb3h5LCAiKiIsICJodHRwOi8vMTY5LjI1NC4xNjkuMjU0L21ldGFkYXRhL2luc3RhbmNlP2FwaS12ZXJzaW9uPTIwMjAtMDktMDEiLCAtbywgL3Zhci93d3cvaHRtbC9hcHAxL21ldGFkYXRhLmh0bWxdDQoNCg==",
            "dedicated_host_group_id": "",
            "dedicated_host_id": "",
            "disable_password_authentication": true,
            "edge_zone": "",
            "encryption_at_host_enabled": false,
            "eviction_policy": "",
            "extensions_time_budget": "PT1H30M",
            "id": "/subscriptions/7773b586-d145-4649-9145-7db135c90eb7/resourceGroups/myrg/providers/Microsoft.Compute/virtualMachines/mylinuxvm-machine",
            "identity": [],
            "license_type": "",
            "location": "eastus",
            "max_bid_price": -1,
            "name": "mylinuxvm-machine",
            "network_interface_ids": [
              "/subscriptions/7773b586-d145-4649-9145-7db135c90eb7/resourceGroups/myrg/providers/Microsoft.Network/networkInterfaces/vmnic"
            ],
            "os_disk": [
              {
                "caching": "ReadWrite",
                "diff_disk_settings": [],
                "disk_encryption_set_id": "",
                "disk_size_gb": 64,
                "name": "mylinuxvm-machine_disk1_97b2a161944b4eac877211f5df66260b",
                "storage_account_type": "Standard_LRS",
                "write_accelerator_enabled": false
              }
            ],
            "patch_mode": "ImageDefault",
            "plan": [],
            "platform_fault_domain": -1,
            "priority": "Regular",
            "private_ip_address": "10.0.1.4",
            "private_ip_addresses": [
              "10.0.1.4"
            ],
            "provision_vm_agent": true,
            "proximity_placement_group_id": "",
            "public_ip_address": "20.232.181.234",
            "public_ip_addresses": [
              "20.232.181.234"
            ],
            "resource_group_name": "myrg",
            "secret": [],
            "secure_boot_enabled": false,
            "size": "Standard_DS1_v2",
            "source_image_id": "",
            "source_image_reference": [
              {
                "offer": "RHEL",
                "publisher": "RedHat",
                "sku": "83-gen2",
                "version": "latest"
              }
            ],
            "tags": null,
            "termination_notification": null,
            "timeouts": null,
            "user_data": "",
            "virtual_machine_id": "66e4bd56-8da2-4fb2-ade7-6b87b7b188ac",
            "virtual_machine_scale_set_id": "",
            "vtpm_enabled": false,
            "zone": ""
          },
          "sensitive_attributes": [
            [
              {
                "type": "get_attr",
                "value": "custom_data"
              }
            ],
            [
              {
                "type": "get_attr",
                "value": "admin_password"
              }
            ]
          ],
          "private": "eyJlMmJmYjczMC1lY2FhLTExZTYtOGY4OC0zNDM2M2JjN2M0YzAiOnsiY3JlYXRlIjoyNzAwMDAwMDAwMDAwLCJkZWxldGUiOjI3MDAwMDAwMDAwMDAsInJlYWQiOjMwMDAwMDAwMDAwMCwidXBkYXRlIjoyNzAwMDAwMDAwMDAwfX0=",
          "dependencies": [
            "azurerm_network_interface.myvmnic",
            "azurerm_public_ip.mypublicip",
            "azurerm_resource_group.myrg",
            "azurerm_subnet.mysubnet",
            "azurerm_virtual_network.myvnet"
          ]
        }
      ]
    },
    {
      "mode": "managed",
      "type": "azurerm_network_interface",
      "name": "myvmnic",
      "provider": "provider[\"registry.terraform.io/hashicorp/azurerm\"]",
      "instances": [
        {
          "schema_version": 0,
          "attributes": {
            "applied_dns_servers": [],
            "dns_servers": [],
            "edge_zone": "",
            "enable_accelerated_networking": false,
            "enable_ip_forwarding": false,
            "id": "/subscriptions/7773b586-d145-4649-9145-7db135c90eb7/resourceGroups/myrg/providers/Microsoft.Network/networkInterfaces/vmnic",
            "internal_dns_name_label": "",
            "internal_domain_name_suffix": "brxw42ie11cubpihgm34i3l2kg.bx.internal.cloudapp.net",
            "ip_configuration": [
              {
                "gateway_load_balancer_frontend_ip_configuration_id": "",
                "name": "internal",
                "primary": true,
                "private_ip_address": "10.0.1.4",
                "private_ip_address_allocation": "Dynamic",
                "private_ip_address_version": "IPv4",
                "public_ip_address_id": "/subscriptions/7773b586-d145-4649-9145-7db135c90eb7/resourceGroups/myrg/providers/Microsoft.Network/publicIPAddresses/mypublicip",
                "subnet_id": "/subscriptions/7773b586-d145-4649-9145-7db135c90eb7/resourceGroups/myrg/providers/Microsoft.Network/virtualNetworks/myvnet-1/subnets/my-subnet"
              }
            ],
            "location": "eastus",
            "mac_address": "",
            "name": "vmnic",
            "private_ip_address": "10.0.1.4",
            "private_ip_addresses": [
              "10.0.1.4"
            ],
            "resource_group_name": "myrg",
            "tags": {},
            "timeouts": null,
            "virtual_machine_id": ""
          },
          "sensitive_attributes": [],
          "private": "eyJlMmJmYjczMC1lY2FhLTExZTYtOGY4OC0zNDM2M2JjN2M0YzAiOnsiY3JlYXRlIjoxODAwMDAwMDAwMDAwLCJkZWxldGUiOjE4MDAwMDAwMDAwMDAsInJlYWQiOjMwMDAwMDAwMDAwMCwidXBkYXRlIjoxODAwMDAwMDAwMDAwfX0=",
          "dependencies": [
            "azurerm_public_ip.mypublicip",
            "azurerm_resource_group.myrg",
            "azurerm_subnet.mysubnet",
            "azurerm_virtual_network.myvnet"
          ]
        }
      ]
    },
    {
      "mode": "managed",
      "type": "azurerm_public_ip",
      "name": "mypublicip",
      "provider": "provider[\"registry.terraform.io/hashicorp/azurerm\"]",
      "instances": [
        {
          "schema_version": 0,
          "attributes": {
            "allocation_method": "Static",
            "domain_name_label": null,
            "edge_zone": "",
            "fqdn": null,
            "id": "/subscriptions/7773b586-d145-4649-9145-7db135c90eb7/resourceGroups/myrg/providers/Microsoft.Network/publicIPAddresses/mypublicip",
            "idle_timeout_in_minutes": 4,
            "ip_address": "20.232.181.234",
            "ip_tags": {},
            "ip_version": "IPv4",
            "location": "eastus",
            "name": "mypublicip",
            "public_ip_prefix_id": null,
            "resource_group_name": "myrg",
            "reverse_fqdn": null,
            "sku": "Basic",
            "sku_tier": "Regional",
            "tags": {},
            "timeouts": null,
            "zones": []
          },
          "sensitive_attributes": [],
          "private": "eyJlMmJmYjczMC1lY2FhLTExZTYtOGY4OC0zNDM2M2JjN2M0YzAiOnsiY3JlYXRlIjoxODAwMDAwMDAwMDAwLCJkZWxldGUiOjE4MDAwMDAwMDAwMDAsInJlYWQiOjMwMDAwMDAwMDAwMCwidXBkYXRlIjoxODAwMDAwMDAwMDAwfX0=",
          "dependencies": [
            "azurerm_resource_group.myrg"
          ]
        }
      ]
    },
    {
      "mode": "managed",
      "type": "azurerm_resource_group",
      "name": "myrg",
      "provider": "provider[\"registry.terraform.io/hashicorp/azurerm\"]",
      "instances": [
        {
          "schema_version": 0,
          "attributes": {
            "id": "/subscriptions/7773b586-d145-4649-9145-7db135c90eb7/resourceGroups/myrg",
            "location": "eastus",
            "name": "myrg",
            "tags": {},
            "timeouts": null
          },
          "sensitive_attributes": [],
          "private": "eyJlMmJmYjczMC1lY2FhLTExZTYtOGY4OC0zNDM2M2JjN2M0YzAiOnsiY3JlYXRlIjo1NDAwMDAwMDAwMDAwLCJkZWxldGUiOjU0MDAwMDAwMDAwMDAsInJlYWQiOjMwMDAwMDAwMDAwMCwidXBkYXRlIjo1NDAwMDAwMDAwMDAwfX0="
        }
      ]
    },
    {
      "mode": "managed",
      "type": "azurerm_subnet",
      "name": "mysubnet",
      "provider": "provider[\"registry.terraform.io/hashicorp/azurerm\"]",
      "instances": [
        {
          "schema_version": 0,
          "attributes": {
            "address_prefixes": [
              "10.0.1.0/24"
            ],
            "delegation": [],
            "enforce_private_link_endpoint_network_policies": false,
            "enforce_private_link_service_network_policies": false,
            "id": "/subscriptions/7773b586-d145-4649-9145-7db135c90eb7/resourceGroups/myrg/providers/Microsoft.Network/virtualNetworks/myvnet-1/subnets/my-subnet",
            "name": "my-subnet",
            "resource_group_name": "myrg",
            "service_endpoint_policy_ids": [],
            "service_endpoints": [],
            "timeouts": null,
            "virtual_network_name": "myvnet-1"
          },
          "sensitive_attributes": [],
          "private": "eyJlMmJmYjczMC1lY2FhLTExZTYtOGY4OC0zNDM2M2JjN2M0YzAiOnsiY3JlYXRlIjoxODAwMDAwMDAwMDAwLCJkZWxldGUiOjE4MDAwMDAwMDAwMDAsInJlYWQiOjMwMDAwMDAwMDAwMCwidXBkYXRlIjoxODAwMDAwMDAwMDAwfX0=",
          "dependencies": [
            "azurerm_resource_group.myrg",
            "azurerm_virtual_network.myvnet"
          ]
        }
      ]
    },
    {
      "mode": "managed",
      "type": "azurerm_virtual_network",
      "name": "myvnet",
      "provider": "provider[\"registry.terraform.io/hashicorp/azurerm\"]",
      "instances": [
        {
          "schema_version": 0,
          "attributes": {
            "address_space": [
              "10.0.0.0/16"
            ],
            "bgp_community": "",
            "ddos_protection_plan": [],
            "dns_servers": [],
            "edge_zone": "",
            "flow_timeout_in_minutes": 0,
            "guid": "716f6f0c-de04-40c5-bd07-333be4757c56",
            "id": "/subscriptions/7773b586-d145-4649-9145-7db135c90eb7/resourceGroups/myrg/providers/Microsoft.Network/virtualNetworks/myvnet-1",
            "location": "eastus",
            "name": "myvnet-1",
            "resource_group_name": "myrg",
            "subnet": [
              {
                "address_prefix": "10.0.1.0/24",
                "id": "/subscriptions/7773b586-d145-4649-9145-7db135c90eb7/resourceGroups/myrg/providers/Microsoft.Network/virtualNetworks/myvnet-1/subnets/my-subnet",
                "name": "my-subnet",
                "security_group": ""
              }
            ],
            "tags": {
              "environment": "Production"
            },
            "timeouts": null
          },
          "sensitive_attributes": [],
          "private": "eyJlMmJmYjczMC1lY2FhLTExZTYtOGY4OC0zNDM2M2JjN2M0YzAiOnsiY3JlYXRlIjoxODAwMDAwMDAwMDAwLCJkZWxldGUiOjE4MDAwMDAwMDAwMDAsInJlYWQiOjMwMDAwMDAwMDAwMCwidXBkYXRlIjoxODAwMDAwMDAwMDAwfX0=",
          "dependencies": [
            "azurerm_resource_group.myrg"
          ]
        }
      ]
    }
  ],
  "check_results": null
}
